// !$*UTF8*$!
{
	archiveVersion = 1;
	classes = {
	};
	objectVersion = 50;
	objects = {

/* Begin PBXBuildFile section */
		101B7D31233A657A00D95D29 /* Flow2ViewController.swift in Sources */ = {isa = PBXBuildFile; fileRef = 101B7D2C233A657A00D95D29 /* Flow2ViewController.swift */; };
		101B7D32233A657A00D95D29 /* Flow2View.swift in Sources */ = {isa = PBXBuildFile; fileRef = 101B7D2E233A657A00D95D29 /* Flow2View.swift */; };
		101B7D33233A657A00D95D29 /* Flow2Coordinator.swift in Sources */ = {isa = PBXBuildFile; fileRef = 101B7D30233A657A00D95D29 /* Flow2Coordinator.swift */; };
		101B7D37233A784200D95D29 /* Core.framework in Frameworks */ = {isa = PBXBuildFile; fileRef = 101B7D36233A784200D95D29 /* Core.framework */; };
		103C36A0233A56E5001ACB39 /* Flow2.h in Headers */ = {isa = PBXBuildFile; fileRef = 103C369E233A56E4001ACB39 /* Flow2.h */; settings = {ATTRIBUTES = (Public, ); }; };
		4F988E66F7BDB115CD463D06 /* Pods_Flow2.framework in Frameworks */ = {isa = PBXBuildFile; fileRef = 58845E47C05D6FBA91B336DA /* Pods_Flow2.framework */; };
/* End PBXBuildFile section */

/* Begin PBXFileReference section */
		101B7D2C233A657A00D95D29 /* Flow2ViewController.swift */ = {isa = PBXFileReference; fileEncoding = 4; lastKnownFileType = sourcecode.swift; path = Flow2ViewController.swift; sourceTree = "<group>"; };
		101B7D2E233A657A00D95D29 /* Flow2View.swift */ = {isa = PBXFileReference; fileEncoding = 4; lastKnownFileType = sourcecode.swift; path = Flow2View.swift; sourceTree = "<group>"; };
		101B7D30233A657A00D95D29 /* Flow2Coordinator.swift */ = {isa = PBXFileReference; fileEncoding = 4; lastKnownFileType = sourcecode.swift; path = Flow2Coordinator.swift; sourceTree = "<group>"; };
		101B7D36233A784200D95D29 /* Core.framework */ = {isa = PBXFileReference; explicitFileType = wrapper.framework; path = Core.framework; sourceTree = BUILT_PRODUCTS_DIR; };
		103C369B233A56E4001ACB39 /* Flow2.framework */ = {isa = PBXFileReference; explicitFileType = wrapper.framework; includeInIndex = 0; path = Flow2.framework; sourceTree = BUILT_PRODUCTS_DIR; };
		103C369E233A56E4001ACB39 /* Flow2.h */ = {isa = PBXFileReference; lastKnownFileType = sourcecode.c.h; path = Flow2.h; sourceTree = "<group>"; };
		103C369F233A56E5001ACB39 /* Info.plist */ = {isa = PBXFileReference; lastKnownFileType = text.plist.xml; path = Info.plist; sourceTree = "<group>"; };
		38229C6CA5B5625DD8DBCD29 /* Pods-Flow2.release.xcconfig */ = {isa = PBXFileReference; includeInIndex = 1; lastKnownFileType = text.xcconfig; name = "Pods-Flow2.release.xcconfig"; path = "Target Support Files/Pods-Flow2/Pods-Flow2.release.xcconfig"; sourceTree = "<group>"; };
		58845E47C05D6FBA91B336DA /* Pods_Flow2.framework */ = {isa = PBXFileReference; explicitFileType = wrapper.framework; includeInIndex = 0; path = Pods_Flow2.framework; sourceTree = BUILT_PRODUCTS_DIR; };
		5946E620419E29F4050E2ADC /* Pods-Flow2.debug.xcconfig */ = {isa = PBXFileReference; includeInIndex = 1; lastKnownFileType = text.xcconfig; name = "Pods-Flow2.debug.xcconfig"; path = "Target Support Files/Pods-Flow2/Pods-Flow2.debug.xcconfig"; sourceTree = "<group>"; };
/* End PBXFileReference section */

/* Begin PBXFrameworksBuildPhase section */
		103C3698233A56E4001ACB39 /* Frameworks */ = {
			isa = PBXFrameworksBuildPhase;
			buildActionMask = 2147483647;
			files = (
				101B7D37233A784200D95D29 /* Core.framework in Frameworks */,
				4F988E66F7BDB115CD463D06 /* Pods_Flow2.framework in Frameworks */,
			);
			runOnlyForDeploymentPostprocessing = 0;
		};
/* End PBXFrameworksBuildPhase section */

/* Begin PBXGroup section */
		101B7D29233A657A00D95D29 /* Screens */ = {
			isa = PBXGroup;
			children = (
				101B7D2A233A657A00D95D29 /* Flow2 */,
			);
			path = Screens;
			sourceTree = "<group>";
		};
		101B7D2A233A657A00D95D29 /* Flow2 */ = {
			isa = PBXGroup;
			children = (
				101B7D2B233A657A00D95D29 /* Controller */,
				101B7D2D233A657A00D95D29 /* View */,
			);
			path = Flow2;
			sourceTree = "<group>";
		};
		101B7D2B233A657A00D95D29 /* Controller */ = {
			isa = PBXGroup;
			children = (
				101B7D2C233A657A00D95D29 /* Flow2ViewController.swift */,
			);
			path = Controller;
			sourceTree = "<group>";
		};
		101B7D2D233A657A00D95D29 /* View */ = {
			isa = PBXGroup;
			children = (
				101B7D2E233A657A00D95D29 /* Flow2View.swift */,
			);
			path = View;
			sourceTree = "<group>";
		};
		101B7D2F233A657A00D95D29 /* Coordinator */ = {
			isa = PBXGroup;
			children = (
				101B7D30233A657A00D95D29 /* Flow2Coordinator.swift */,
			);
			path = Coordinator;
			sourceTree = "<group>";
		};
		103C3691233A56E4001ACB39 = {
			isa = PBXGroup;
			children = (
				103C369D233A56E4001ACB39 /* Flow2 */,
				103C369C233A56E4001ACB39 /* Products */,
				50B573C38E34426F8D98BA10 /* Pods */,
				6B222CDCA1F112E8BD221816 /* Frameworks */,
			);
			sourceTree = "<group>";
		};
		103C369C233A56E4001ACB39 /* Products */ = {
			isa = PBXGroup;
			children = (
				103C369B233A56E4001ACB39 /* Flow2.framework */,
			);
			name = Products;
			sourceTree = "<group>";
		};
		103C369D233A56E4001ACB39 /* Flow2 */ = {
			isa = PBXGroup;
			children = (
				101B7D2F233A657A00D95D29 /* Coordinator */,
				101B7D29233A657A00D95D29 /* Screens */,
				103C369E233A56E4001ACB39 /* Flow2.h */,
				103C369F233A56E5001ACB39 /* Info.plist */,
			);
			path = Flow2;
			sourceTree = "<group>";
		};
		50B573C38E34426F8D98BA10 /* Pods */ = {
			isa = PBXGroup;
			children = (
				5946E620419E29F4050E2ADC /* Pods-Flow2.debug.xcconfig */,
				38229C6CA5B5625DD8DBCD29 /* Pods-Flow2.release.xcconfig */,
			);
			name = Pods;
			path = ../Pods;
			sourceTree = "<group>";
		};
		6B222CDCA1F112E8BD221816 /* Frameworks */ = {
			isa = PBXGroup;
			children = (
				101B7D36233A784200D95D29 /* Core.framework */,
				58845E47C05D6FBA91B336DA /* Pods_Flow2.framework */,
			);
			name = Frameworks;
			sourceTree = "<group>";
		};
/* End PBXGroup section */

/* Begin PBXHeadersBuildPhase section */
		103C3696233A56E4001ACB39 /* Headers */ = {
			isa = PBXHeadersBuildPhase;
			buildActionMask = 2147483647;
			files = (
				103C36A0233A56E5001ACB39 /* Flow2.h in Headers */,
			);
			runOnlyForDeploymentPostprocessing = 0;
		};
/* End PBXHeadersBuildPhase section */

/* Begin PBXNativeTarget section */
		103C369A233A56E4001ACB39 /* Flow2 */ = {
			isa = PBXNativeTarget;
			buildConfigurationList = 103C36A3233A56E5001ACB39 /* Build configuration list for PBXNativeTarget "Flow2" */;
			buildPhases = (
				B2863926949C11B70BB0C38F /* [CP] Check Pods Manifest.lock */,
				103C3696233A56E4001ACB39 /* Headers */,
				103C3697233A56E4001ACB39 /* Sources */,
				103C3698233A56E4001ACB39 /* Frameworks */,
				103C3699233A56E4001ACB39 /* Resources */,
			);
			buildRules = (
			);
			dependencies = (
			);
			name = Flow2;
			productName = Flow2;
			productReference = 103C369B233A56E4001ACB39 /* Flow2.framework */;
			productType = "com.apple.product-type.framework";
		};
/* End PBXNativeTarget section */

/* Begin PBXProject section */
		103C3692233A56E4001ACB39 /* Project object */ = {
			isa = PBXProject;
			attributes = {
				LastUpgradeCheck = 1010;
				ORGANIZATIONNAME = "Hans Fehrmann";
				TargetAttributes = {
					103C369A233A56E4001ACB39 = {
						CreatedOnToolsVersion = 10.1;
					};
				};
			};
			buildConfigurationList = 103C3695233A56E4001ACB39 /* Build configuration list for PBXProject "Flow2" */;
			compatibilityVersion = "Xcode 9.3";
			developmentRegion = en;
			hasScannedForEncodings = 0;
			knownRegions = (
				en,
			);
			mainGroup = 103C3691233A56E4001ACB39;
			productRefGroup = 103C369C233A56E4001ACB39 /* Products */;
			projectDirPath = "";
			projectRoot = "";
			targets = (
				103C369A233A56E4001ACB39 /* Flow2 */,
			);
		};
/* End PBXProject section */

/* Begin PBXResourcesBuildPhase section */
		103C3699233A56E4001ACB39 /* Resources */ = {
			isa = PBXResourcesBuildPhase;
			buildActionMask = 2147483647;
			files = (
			);
			runOnlyForDeploymentPostprocessing = 0;
		};
/* End PBXResourcesBuildPhase section */

/* Begin PBXShellScriptBuildPhase section */
		B2863926949C11B70BB0C38F /* [CP] Check Pods Manifest.lock */ = {
			isa = PBXShellScriptBuildPhase;
			buildActionMask = 2147483647;
			files = (
			);
			inputFileListPaths = (
			);
			inputPaths = (
				"${PODS_PODFILE_DIR_PATH}/Podfile.lock",
				"${PODS_ROOT}/Manifest.lock",
			);
			name = "[CP] Check Pods Manifest.lock";
			outputFileListPaths = (
			);
			outputPaths = (
				"$(DERIVED_FILE_DIR)/Pods-Flow2-checkManifestLockResult.txt",
			);
			runOnlyForDeploymentPostprocessing = 0;
			shellPath = /bin/sh;
			shellScript = "diff \"${PODS_PODFILE_DIR_PATH}/Podfile.lock\" \"${PODS_ROOT}/Manifest.lock\" > /dev/null\nif [ $? != 0 ] ; then\n    # print error to STDERR\n    echo \"error: The sandbox is not in sync with the Podfile.lock. Run 'pod install' or update your CocoaPods installation.\" >&2\n    exit 1\nfi\n# This output is used by Xcode 'outputs' to avoid re-running this script phase.\necho \"SUCCESS\" > \"${SCRIPT_OUTPUT_FILE_0}\"\n";
			showEnvVarsInLog = 0;
		};
/* End PBXShellScriptBuildPhase section */

/* Begin PBXSourcesBuildPhase section */
		103C3697233A56E4001ACB39 /* Sources */ = {
			isa = PBXSourcesBuildPhase;
			buildActionMask = 2147483647;
			files = (
				101B7D32233A657A00D95D29 /* Flow2View.swift in Sources */,
				101B7D31233A657A00D95D29 /* Flow2ViewController.swift in Sources */,
				101B7D33233A657A00D95D29 /* Flow2Coordinator.swift in Sources */,
			);
			runOnlyForDeploymentPostprocessing = 0;
		};
/* End PBXSourcesBuildPhase section */

/* Begin XCBuildConfiguration section */
		103C36A1233A56E5001ACB39 /* Debug */ = {
			isa = XCBuildConfiguration;
			buildSettings = {
				ALWAYS_SEARCH_USER_PATHS = NO;
				CLANG_ANALYZER_NONNULL = YES;
				CLANG_ANALYZER_NUMBER_OBJECT_CONVERSION = YES_AGGRESSIVE;
				CLANG_CXX_LANGUAGE_STANDARD = "gnu++14";
				CLANG_CXX_LIBRARY = "libc++";
				CLANG_ENABLE_MODULES = YES;
				CLANG_ENABLE_OBJC_ARC = YES;
				CLANG_ENABLE_OBJC_WEAK = YES;
				CLANG_WARN_BLOCK_CAPTURE_AUTORELEASING = YES;
				CLANG_WARN_BOOL_CONVERSION = YES;
				CLANG_WARN_COMMA = YES;
				CLANG_WARN_CONSTANT_CONVERSION = YES;
				CLANG_WARN_DEPRECATED_OBJC_IMPLEMENTATIONS = YES;
				CLANG_WARN_DIRECT_OBJC_ISA_USAGE = YES_ERROR;
				CLANG_WARN_DOCUMENTATION_COMMENTS = YES;
				CLANG_WARN_EMPTY_BODY = YES;
				CLANG_WARN_ENUM_CONVERSION = YES;
				CLANG_WARN_INFINITE_RECURSION = YES;
				CLANG_WARN_INT_CONVERSION = YES;
				CLANG_WARN_NON_LITERAL_NULL_CONVERSION = YES;
				CLANG_WARN_OBJC_IMPLICIT_RETAIN_SELF = YES;
				CLANG_WARN_OBJC_LITERAL_CONVERSION = YES;
				CLANG_WARN_OBJC_ROOT_CLASS = YES_ERROR;
				CLANG_WARN_RANGE_LOOP_ANALYSIS = YES;
				CLANG_WARN_STRICT_PROTOTYPES = YES;
				CLANG_WARN_SUSPICIOUS_MOVE = YES;
				CLANG_WARN_UNGUARDED_AVAILABILITY = YES_AGGRESSIVE;
				CLANG_WARN_UNREACHABLE_CODE = YES;
				CLANG_WARN__DUPLICATE_METHOD_MATCH = YES;
				CODE_SIGN_IDENTITY = "iPhone Developer";
				COPY_PHASE_STRIP = NO;
				CURRENT_PROJECT_VERSION = 1;
				DEBUG_INFORMATION_FORMAT = dwarf;
				ENABLE_STRICT_OBJC_MSGSEND = YES;
				ENABLE_TESTABILITY = YES;
				GCC_C_LANGUAGE_STANDARD = gnu11;
				GCC_DYNAMIC_NO_PIC = NO;
				GCC_NO_COMMON_BLOCKS = YES;
				GCC_OPTIMIZATION_LEVEL = 0;
				GCC_PREPROCESSOR_DEFINITIONS = (
					"DEBUG=1",
					"$(inherited)",
				);
				GCC_WARN_64_TO_32_BIT_CONVERSION = YES;
				GCC_WARN_ABOUT_RETURN_TYPE = YES_ERROR;
				GCC_WARN_UNDECLARED_SELECTOR = YES;
				GCC_WARN_UNINITIALIZED_AUTOS = YES_AGGRESSIVE;
				GCC_WARN_UNUSED_FUNCTION = YES;
				GCC_WARN_UNUSED_VARIABLE = YES;
				IPHONEOS_DEPLOYMENT_TARGET = 12.1;
				MTL_ENABLE_DEBUG_INFO = INCLUDE_SOURCE;
				MTL_FAST_MATH = YES;
				ONLY_ACTIVE_ARCH = YES;
				SDKROOT = iphoneos;
				SWIFT_ACTIVE_COMPILATION_CONDITIONS = DEBUG;
				SWIFT_OPTIMIZATION_LEVEL = "-Onone";
				VERSIONING_SYSTEM = "apple-generic";
				VERSION_INFO_PREFIX = "";
			};
			name = Debug;
		};
		103C36A2233A56E5001ACB39 /* Release */ = {
			isa = XCBuildConfiguration;
			buildSettings = {
				ALWAYS_SEARCH_USER_PATHS = NO;
				CLANG_ANALYZER_NONNULL = YES;
				CLANG_ANALYZER_NUMBER_OBJECT_CONVERSION = YES_AGGRESSIVE;
				CLANG_CXX_LANGUAGE_STANDARD = "gnu++14";
				CLANG_CXX_LIBRARY = "libc++";
				CLANG_ENABLE_MODULES = YES;
				CLANG_ENABLE_OBJC_ARC = YES;
				CLANG_ENABLE_OBJC_WEAK = YES;
				CLANG_WARN_BLOCK_CAPTURE_AUTORELEASING = YES;
				CLANG_WARN_BOOL_CONVERSION = YES;
				CLANG_WARN_COMMA = YES;
				CLANG_WARN_CONSTANT_CONVERSION = YES;
				CLANG_WARN_DEPRECATED_OBJC_IMPLEMENTATIONS = YES;
				CLANG_WARN_DIRECT_OBJC_ISA_USAGE = YES_ERROR;
				CLANG_WARN_DOCUMENTATION_COMMENTS = YES;
				CLANG_WARN_EMPTY_BODY = YES;
				CLANG_WARN_ENUM_CONVERSION = YES;
				CLANG_WARN_INFINITE_RECURSION = YES;
				CLANG_WARN_INT_CONVERSION = YES;
				CLANG_WARN_NON_LITERAL_NULL_CONVERSION = YES;
				CLANG_WARN_OBJC_IMPLICIT_RETAIN_SELF = YES;
				CLANG_WARN_OBJC_LITERAL_CONVERSION = YES;
				CLANG_WARN_OBJC_ROOT_CLASS = YES_ERROR;
				CLANG_WARN_RANGE_LOOP_ANALYSIS = YES;
				CLANG_WARN_STRICT_PROTOTYPES = YES;
				CLANG_WARN_SUSPICIOUS_MOVE = YES;
				CLANG_WARN_UNGUARDED_AVAILABILITY = YES_AGGRESSIVE;
				CLANG_WARN_UNREACHABLE_CODE = YES;
				CLANG_WARN__DUPLICATE_METHOD_MATCH = YES;
				CODE_SIGN_IDENTITY = "iPhone Developer";
				COPY_PHASE_STRIP = NO;
				CURRENT_PROJECT_VERSION = 1;
				DEBUG_INFORMATION_FORMAT = "dwarf-with-dsym";
				ENABLE_NS_ASSERTIONS = NO;
				ENABLE_STRICT_OBJC_MSGSEND = YES;
				GCC_C_LANGUAGE_STANDARD = gnu11;
				GCC_NO_COMMON_BLOCKS = YES;
				GCC_WARN_64_TO_32_BIT_CONVERSION = YES;
				GCC_WARN_ABOUT_RETURN_TYPE = YES_ERROR;
				GCC_WARN_UNDECLARED_SELECTOR = YES;
				GCC_WARN_UNINITIALIZED_AUTOS = YES_AGGRESSIVE;
				GCC_WARN_UNUSED_FUNCTION = YES;
				GCC_WARN_UNUSED_VARIABLE = YES;
				IPHONEOS_DEPLOYMENT_TARGET = 12.1;
				MTL_ENABLE_DEBUG_INFO = NO;
				MTL_FAST_MATH = YES;
				SDKROOT = iphoneos;
				SWIFT_COMPILATION_MODE = wholemodule;
				SWIFT_OPTIMIZATION_LEVEL = "-O";
				VALIDATE_PRODUCT = YES;
				VERSIONING_SYSTEM = "apple-generic";
				VERSION_INFO_PREFIX = "";
			};
			name = Release;
		};
		103C36A4233A56E5001ACB39 /* Debug */ = {
			isa = XCBuildConfiguration;
			baseConfigurationReference = 5946E620419E29F4050E2ADC /* Pods-Flow2.debug.xcconfig */;
			buildSettings = {
				CODE_SIGN_IDENTITY = "";
				CODE_SIGN_STYLE = Automatic;
				DEFINES_MODULE = YES;
				DYLIB_COMPATIBILITY_VERSION = 1;
				DYLIB_CURRENT_VERSION = 1;
				DYLIB_INSTALL_NAME_BASE = "@rpath";
				INFOPLIST_FILE = Flow2/Info.plist;
				INSTALL_PATH = "$(LOCAL_LIBRARY_DIR)/Frameworks";
				IPHONEOS_DEPLOYMENT_TARGET = 12.0;
				LD_RUNPATH_SEARCH_PATHS = (
					"$(inherited)",
					"@executable_path/Frameworks",
					"@loader_path/Frameworks",
				);
				PRODUCT_BUNDLE_IDENTIFIER = cl.hfehrmann.ioslove.talk.Flow2;
				PRODUCT_NAME = "$(TARGET_NAME:c99extidentifier)";
				SKIP_INSTALL = YES;
				SWIFT_VERSION = 4.2;
				TARGETED_DEVICE_FAMILY = "1,2";
			};
			name = Debug;
		};
		103C36A5233A56E5001ACB39 /* Release */ = {
			isa = XCBuildConfiguration;
			baseConfigurationReference = 38229C6CA5B5625DD8DBCD29 /* Pods-Flow2.release.xcconfig */;
			buildSettings = {
				CODE_SIGN_IDENTITY = "";
				CODE_SIGN_STYLE = Automatic;
				DEFINES_MODULE = YES;
				DYLIB_COMPATIBILITY_VERSION = 1;
				DYLIB_CURRENT_VERSION = 1;
				DYLIB_INSTALL_NAME_BASE = "@rpath";
				INFOPLIST_FILE = Flow2/Info.plist;
				INSTALL_PATH = "$(LOCAL_LIBRARY_DIR)/Frameworks";
				IPHONEOS_DEPLOYMENT_TARGET = 12.0;
				LD_RUNPATH_SEARCH_PATHS = (
					"$(inherited)",
					"@executable_path/Frameworks",
					"@loader_path/Frameworks",
				);
				PRODUCT_BUNDLE_IDENTIFIER = cl.hfehrmann.ioslove.talk.Flow2;
				PRODUCT_NAME = "$(TARGET_NAME:c99extidentifier)";
				SKIP_INSTALL = YES;
				SWIFT_VERSION = 4.2;
				TARGETED_DEVICE_FAMILY = "1,2";
			};
			name = Release;
		};
/* End XCBuildConfiguration section */

/* Begin XCConfigurationList section */
		103C3695233A56E4001ACB39 /* Build configuration list for PBXProject "Flow2" */ = {
			isa = XCConfigurationList;
			buildConfigurations = (
				103C36A1233A56E5001ACB39 /* Debug */,
				103C36A2233A56E5001ACB39 /* Release */,
			);
			defaultConfigurationIsVisible = 0;
			defaultConfigurationName = Release;
		};
		103C36A3233A56E5001ACB39 /* Build configuration list for PBXNativeTarget "Flow2" */ = {
			isa = XCConfigurationList;
			buildConfigurations = (
				103C36A4233A56E5001ACB39 /* Debug */,
				103C36A5233A56E5001ACB39 /* Release */,
			);
			defaultConfigurationIsVisible = 0;
			defaultConfigurationName = Release;
		};
/* End XCConfigurationList section */
	};
	rootObject = 103C3692233A56E4001ACB39 /* Project object */;
}
